{
    "_readme": [
        "This file locks the dependencies of your project to a known state",
        "Read more about it at https://getcomposer.org/doc/01-basic-usage.md#composer-lock-the-lock-file",
        "This file is @generated automatically"
    ],
    "content-hash": "8c87ec7ad03dff13022772d16d4a8a32",
    "packages": [
        {
            "name": "acquia/acquia-sdk-php",
            "version": "0.10.8",
            "source": {
                "type": "git",
                "url": "https://github.com/acquia/acquia-sdk-php.git",
                "reference": "351b778ceae25d7e1c88643f9f0136ff7683ff38"
            },
            "dist": {
                "type": "zip",
                "url": "https://api.github.com/repos/acquia/acquia-sdk-php/zipball/351b778ceae25d7e1c88643f9f0136ff7683ff38",
                "reference": "351b778ceae25d7e1c88643f9f0136ff7683ff38",
                "shasum": ""
            },
            "require": {
                "cpliakas/psolr": ">=0.4",
                "guzzle/service": "~3.0",
                "lstrojny/fxmlrpc": ">=0.8,<0.9",
                "pear/net_dns2": "1.3.2",
                "php": ">=5.3.0",
                "symfony/filesystem": "~2.0"
            },
            "replace": {
                "acquia/acquia-sdk-php-cloud-api": "self.version",
                "acquia/acquia-sdk-php-cloud-db": "self.version",
                "acquia/acquia-sdk-php-cloud-env": "self.version",
                "acquia/acquia-sdk-php-cloud-memcache": "self.version",
                "acquia/acquia-sdk-php-common": "self.version",
                "acquia/acquia-sdk-php-env": "self.version",
                "acquia/acquia-sdk-php-json": "self.version",
                "acquia/acquia-sdk-php-network": "self.version",
                "acquia/acquia-sdk-php-rest": "self.version",
                "acquia/acquia-sdk-php-search": "self.version"
            },
            "require-dev": {
                "guzzle/plugin-mock": "~3.0",
                "pdepend/pdepend": "~1.0",
                "phploc/phploc": "~2.0",
                "phpmd/phpmd": "~1.0",
                "phpunit/phpunit": "~3.0",
                "satooshi/php-coveralls": "*",
                "scrutinizer/ocular": "~1.0",
                "sebastian/phpcpd": "~2.0"
            },
            "type": "library",
            "autoload": {
                "psr-0": {
                    "Acquia": "src/"
                }
            },
            "notification-url": "https://packagist.org/downloads/",
            "license": [
                "MIT"
            ],
            "authors": [
                {
                    "name": "See contributors",
                    "homepage": "https://github.com/acquia/acquia-sdk-php/graphs/contributors"
                }
            ],
            "description": "The Acquia SDK for PHP allows developers to build applications on top of Acquia services.",
            "homepage": "https://github.com/acquia/acquia-sdk-php",
            "keywords": [
                "acquia"
            ],
            "time": "2015-12-29T22:28:54+00:00"
        },
        {
            "name": "aura/accept",
            "version": "2.2.5",
            "source": {
                "type": "git",
                "url": "https://github.com/auraphp/Aura.Accept.git",
                "reference": "38d835363d424e07b35dd35f46b00b2916500ee6"
            },
            "dist": {
                "type": "zip",
                "url": "https://api.github.com/repos/auraphp/Aura.Accept/zipball/38d835363d424e07b35dd35f46b00b2916500ee6",
                "reference": "38d835363d424e07b35dd35f46b00b2916500ee6",
                "shasum": ""
            },
            "require": {
                "php": ">=5.3.0"
            },
            "require-dev": {
                "aura/di": "~2.0",
                "phpunit/phpunit": "~5.7 || ~4.8"
            },
            "type": "library",
            "extra": {
                "aura": {
                    "type": "library",
                    "config": {
                        "common": "Aura\\Accept\\_Config\\Common"
                    }
                }
            },
            "autoload": {
                "psr-4": {
                    "Aura\\Accept\\": "src/",
                    "Aura\\Accept\\_Config\\": "config/"
                }
            },
            "notification-url": "https://packagist.org/downloads/",
            "license": [
                "BSD-2-Clause"
            ],
            "authors": [
                {
                    "name": "Aura.Accept Contributors",
                    "homepage": "https://github.com/auraphp/Aura.Accept/contributors"
                }
            ],
            "description": "Provides content-negotiation tools using Accept* headers.",
            "homepage": "https://github.com/auraphp/Aura.Accept",
            "keywords": [
                "accept",
                "accept-charset",
                "accept-encoding",
                "accept-language",
                "content negotiation",
                "content type",
                "media type"
            ],
            "time": "2017-03-10T17:30:49+00:00"
        },
        {
            "name": "composer/ca-bundle",
            "version": "1.1.0",
            "source": {
                "type": "git",
                "url": "https://github.com/composer/ca-bundle.git",
                "reference": "943b2c4fcad1ef178d16a713c2468bf7e579c288"
            },
            "dist": {
                "type": "zip",
                "url": "https://api.github.com/repos/composer/ca-bundle/zipball/943b2c4fcad1ef178d16a713c2468bf7e579c288",
                "reference": "943b2c4fcad1ef178d16a713c2468bf7e579c288",
                "shasum": ""
            },
            "require": {
                "ext-openssl": "*",
                "ext-pcre": "*",
                "php": "^5.3.2 || ^7.0"
            },
            "require-dev": {
                "phpunit/phpunit": "^4.8.35",
                "psr/log": "^1.0",
                "symfony/process": "^2.5 || ^3.0 || ^4.0"
            },
            "type": "library",
            "extra": {
                "branch-alias": {
                    "dev-master": "1.x-dev"
                }
            },
            "autoload": {
                "psr-4": {
                    "Composer\\CaBundle\\": "src"
                }
            },
            "notification-url": "https://packagist.org/downloads/",
            "license": [
                "MIT"
            ],
            "authors": [
                {
                    "name": "Jordi Boggiano",
                    "email": "j.boggiano@seld.be",
                    "homepage": "http://seld.be"
                }
            ],
            "description": "Lets you find a path to the system CA bundle, and includes a fallback to the Mozilla CA bundle.",
            "keywords": [
                "cabundle",
                "cacert",
                "certificate",
                "ssl",
                "tls"
            ],
            "time": "2017-11-29T09:37:33+00:00"
        },
        {
            "name": "composer/installers",
            "version": "v1.0.24",
            "source": {
                "type": "git",
                "url": "https://github.com/composer/installers.git",
                "reference": "1cf7cc4b89d5e8549bbb7d6ab1de75da13d27988"
            },
            "dist": {
                "type": "zip",
                "url": "https://api.github.com/repos/composer/installers/zipball/1cf7cc4b89d5e8549bbb7d6ab1de75da13d27988",
                "reference": "1cf7cc4b89d5e8549bbb7d6ab1de75da13d27988",
                "shasum": ""
            },
            "require": {
                "composer-plugin-api": "^1.0"
            },
            "replace": {
                "roundcube/plugin-installer": "*",
                "shama/baton": "*"
            },
            "require-dev": {
                "composer/composer": "1.0.*@dev",
                "phpunit/phpunit": "4.1.*"
            },
            "type": "composer-plugin",
            "extra": {
                "class": "Composer\\Installers\\Plugin",
                "branch-alias": {
                    "dev-master": "1.0-dev"
                }
            },
            "autoload": {
                "psr-4": {
                    "Composer\\Installers\\": "src/Composer/Installers"
                }
            },
            "notification-url": "https://packagist.org/downloads/",
            "license": [
                "MIT"
            ],
            "authors": [
                {
                    "name": "Kyle Robinson Young",
                    "email": "kyle@dontkry.com",
                    "homepage": "https://github.com/shama"
                }
            ],
            "description": "A multi-framework Composer library installer",
            "homepage": "https://composer.github.io/installers/",
            "keywords": [
                "Craft",
                "Dolibarr",
                "Hurad",
                "ImageCMS",
                "MODX Evo",
                "Mautic",
                "OXID",
                "SMF",
                "Thelia",
                "WolfCMS",
                "agl",
                "aimeos",
                "annotatecms",
                "bitrix",
                "cakephp",
                "chef",
                "codeigniter",
                "concrete5",
                "croogo",
                "dokuwiki",
                "drupal",
                "elgg",
                "fuelphp",
                "grav",
                "installer",
                "joomla",
                "kohana",
                "laravel",
                "lithium",
                "magento",
                "mako",
                "mediawiki",
                "modulework",
                "moodle",
                "phpbb",
                "piwik",
                "ppi",
                "puppet",
                "roundcube",
                "shopware",
                "silverstripe",
                "symfony",
                "typo3",
                "wordpress",
                "zend",
                "zikula"
            ],
            "time": "2016-04-05T11:42:46+00:00"
        },
        {
            "name": "cpliakas/psolr",
            "version": "0.6.3",
            "source": {
                "type": "git",
                "url": "https://github.com/cpliakas/psolr.git",
                "reference": "b3dff7658c88f5c56d6012c170faf215acf3c698"
            },
            "dist": {
                "type": "zip",
                "url": "https://api.github.com/repos/cpliakas/psolr/zipball/b3dff7658c88f5c56d6012c170faf215acf3c698",
                "reference": "b3dff7658c88f5c56d6012c170faf215acf3c698",
                "shasum": ""
            },
            "require": {
                "guzzle/service": "~3.0",
                "php": ">=5.3.0"
            },
            "require-dev": {
                "pdepend/pdepend": "~1.0",
                "phploc/phploc": "~2.0",
                "phpunit/phpunit": "~3.0",
                "satooshi/php-coveralls": "dev-master"
            },
            "type": "library",
            "autoload": {
                "psr-0": {
                    "PSolr": "src/"
                }
            },
            "notification-url": "https://packagist.org/downloads/",
            "license": [
                "MIT"
            ],
            "authors": [
                {
                    "name": "Chris Pliakas",
                    "email": "opensource@chrispliakas.com",
                    "role": "Project Lead"
                },
                {
                    "name": "See contributors",
                    "homepage": "https://github.com/cpliakas/psolr/graphs/contributors"
                }
            ],
            "description": "A PHP client for Apache Solr.",
            "homepage": "https://github.com/cpliakas/psolr",
            "keywords": [
                "solr"
            ],
            "time": "2014-02-18T12:53:55+00:00"
        },
        {
            "name": "cweagans/composer-patches",
            "version": "1.6.2",
            "source": {
                "type": "git",
                "url": "https://github.com/cweagans/composer-patches.git",
                "reference": "014e968ca2ce4342476b3f2f6779b274fff8ae9e"
            },
            "dist": {
                "type": "zip",
                "url": "https://api.github.com/repos/cweagans/composer-patches/zipball/014e968ca2ce4342476b3f2f6779b274fff8ae9e",
                "reference": "014e968ca2ce4342476b3f2f6779b274fff8ae9e",
                "shasum": ""
            },
            "require": {
                "composer-plugin-api": "^1.0",
                "php": ">=5.3.0"
            },
            "require-dev": {
                "composer/composer": "~1.0",
                "phpunit/phpunit": "~4.6"
            },
            "type": "composer-plugin",
            "extra": {
                "class": "cweagans\\Composer\\Patches"
            },
            "autoload": {
                "psr-4": {
                    "cweagans\\Composer\\": "src"
                }
            },
            "notification-url": "https://packagist.org/downloads/",
            "license": [
                "BSD-2-Clause"
            ],
            "authors": [
                {
                    "name": "Cameron Eagans",
                    "email": "me@cweagans.net"
                }
            ],
            "description": "Provides a way to patch Composer packages.",
            "time": "2017-08-30T16:41:23+00:00"
        },
        {
            "name": "derhasi/composer-preserve-paths",
            "version": "0.1.4",
            "source": {
                "type": "git",
                "url": "https://github.com/derhasi/composer-preserve-paths.git",
                "reference": "d557250928235fe23e11c86329bd7cef05397648"
            },
            "dist": {
                "type": "zip",
                "url": "https://api.github.com/repos/derhasi/composer-preserve-paths/zipball/d557250928235fe23e11c86329bd7cef05397648",
                "reference": "d557250928235fe23e11c86329bd7cef05397648",
                "shasum": ""
            },
            "require": {
                "composer-plugin-api": "^1.0"
            },
            "require-dev": {
                "composer/composer": "1.*",
                "derhasi/tempdirectory": "0.1.*",
                "escapestudios/symfony2-coding-standard": "2.*",
                "phpunit/phpunit": "4.*",
                "squizlabs/php_codesniffer": "2.*"
            },
            "type": "composer-plugin",
            "extra": {
                "class": "derhasi\\Composer\\Plugin"
            },
            "autoload": {
                "psr-4": {
                    "derhasi\\Composer\\": "src/"
                }
            },
            "notification-url": "https://packagist.org/downloads/",
            "license": [
                "GPL-2.0+"
            ],
            "authors": [
                {
                    "name": "Johannes Haseitl",
                    "email": "johannes@undpaul.de",
                    "homepage": "http://www.undpaul.de"
                }
            ],
            "description": "Composer plugin for preserving custom paths and supporting nested packages",
            "homepage": "https://github.com/derhasi/composer-preserve-paths",
            "keywords": [
                "composer-plugin",
                "custom path",
                "installer",
                "nested package"
            ],
            "abandoned": "drupal-composer/preserve-paths",
            "time": "2017-02-03T11:32:31+00:00"
        },
        {
            "name": "drupal/aes",
            "version": "1.10.0",
            "source": {
                "type": "git",
                "url": "https://git.drupal.org/project/aes",
                "reference": "7.x-1.10"
            },
            "dist": {
                "type": "zip",
                "url": "https://ftp.drupal.org/files/projects/aes-7.x-1.10.zip",
                "reference": "7.x-1.10",
                "shasum": "f19651651cd460ceb80fce085639ccd33bb9a787"
            },
            "require": {
                "drupal/drupal": "~7.0"
            },
            "type": "drupal-module",
            "extra": {
                "branch-alias": {
                    "dev-1.x": "1.x-dev"
                },
                "drupal": {
                    "version": "7.x-1.10",
                    "datestamp": "1444415639",
                    "security-coverage": {
                        "status": "revoked",
                        "message": "Project has been unsupported by the Drupal Security Team"
                    }
                }
            },
            "notification-url": "https://packages.drupal.org/7/downloads",
            "license": [
                "GPL-2.0+"
            ],
            "authors": [
                {
                    "name": "Unsupported Projects",
                    "homepage": "https://www.drupal.org/user/291168"
                }
            ],
            "description": "Provides AES encryption.",
            "homepage": "https://www.drupal.org/project/aes",
            "support": {
                "source": "http://cgit.drupalcode.org/aes"
            }
        },
        {
            "name": "drupal/drupal",
            "version": "7.56.0",
            "source": {
                "type": "git",
                "url": "https://git.drupal.org/project/drupal",
                "reference": "7.56"
            },
            "dist": {
                "type": "zip",
                "url": "https://ftp.drupal.org/files/projects/drupal-7.56.zip",
                "reference": "7.56",
                "shasum": "325ef6a8c504d35725ef6e693564ead1b47ee219"
            },
            "type": "drupal-core",
            "extra": {
                "branch-alias": {
                    "dev-7.x": "7.x-dev"
                },
                "drupal": {
                    "version": "7.56",
                    "datestamp": "1508351739",
                    "security-coverage": {
                        "status": "covered",
                        "message": "Covered by Drupal's security advisory policy"
                    }
                }
            },
            "notification-url": "https://packages.drupal.org/7/downloads",
            "license": [
                "GPL-2.0+"
            ],
            "authors": [
                {
                    "name": "Cottser",
                    "homepage": "https://www.drupal.org/user/1167326"
                },
                {
                    "name": "David_Rothstein",
                    "homepage": "https://www.drupal.org/user/124982"
                },
                {
                    "name": "Dries",
                    "homepage": "https://www.drupal.org/user/1"
                },
                {
                    "name": "Drupal",
                    "homepage": "https://www.drupal.org/user/3"
                },
                {
                    "name": "Fabianx",
                    "homepage": "https://www.drupal.org/user/693738"
                },
                {
                    "name": "Gábor Hojtsy",
                    "homepage": "https://www.drupal.org/user/4166"
                },
                {
                    "name": "alexpott",
                    "homepage": "https://www.drupal.org/user/157725"
                },
                {
                    "name": "catch",
                    "homepage": "https://www.drupal.org/user/35733"
                },
                {
                    "name": "cilefen",
                    "homepage": "https://www.drupal.org/user/1850070"
                },
                {
                    "name": "drumm",
                    "homepage": "https://www.drupal.org/user/3064"
                },
                {
                    "name": "effulgentsia",
                    "homepage": "https://www.drupal.org/user/78040"
                },
                {
                    "name": "larowlan",
                    "homepage": "https://www.drupal.org/user/395439"
                },
                {
                    "name": "lauriii",
                    "homepage": "https://www.drupal.org/user/1078742"
                },
                {
                    "name": "plach",
                    "homepage": "https://www.drupal.org/user/183211"
                },
                {
                    "name": "stefan.r",
                    "homepage": "https://www.drupal.org/user/551886"
                },
                {
                    "name": "webchick",
                    "homepage": "https://www.drupal.org/user/24967"
                },
                {
                    "name": "xjm",
                    "homepage": "https://www.drupal.org/user/65776"
                },
                {
                    "name": "yoroy",
                    "homepage": "https://www.drupal.org/user/41502"
                }
            ],
            "homepage": "https://www.drupal.org/project/drupal",
            "support": {
                "source": "http://cgit.drupalcode.org/drupal"
            }
        },
        {
            "name": "guzzle/cache",
            "version": "v3.9.2",
            "target-dir": "Guzzle/Cache",
            "source": {
                "type": "git",
                "url": "https://github.com/Guzzle3/cache.git",
                "reference": "9d20d5afd4203f84893e809777ffa01e47bd4ea7"
            },
            "dist": {
                "type": "zip",
                "url": "https://api.github.com/repos/Guzzle3/cache/zipball/9d20d5afd4203f84893e809777ffa01e47bd4ea7",
                "reference": "9d20d5afd4203f84893e809777ffa01e47bd4ea7",
                "shasum": ""
            },
            "require": {
                "guzzle/common": "self.version",
                "php": ">=5.3.2"
            },
            "type": "library",
            "extra": {
                "branch-alias": {
                    "dev-master": "3.7-dev"
                }
            },
            "autoload": {
                "psr-0": {
                    "Guzzle\\Cache": ""
                }
            },
            "notification-url": "https://packagist.org/downloads/",
            "license": [
                "MIT"
            ],
            "authors": [
                {
                    "name": "Michael Dowling",
                    "email": "mtdowling@gmail.com",
                    "homepage": "https://github.com/mtdowling"
                }
            ],
            "description": "Guzzle cache adapter component",
            "homepage": "http://guzzlephp.org/",
            "keywords": [
                "Guzzle",
                "adapter",
                "cache",
                "doctrine",
                "zf"
            ],
            "abandoned": "guzzle/guzzle",
            "time": "2014-01-08T21:24:51+00:00"
        },
        {
            "name": "guzzle/common",
            "version": "v3.9.2",
            "target-dir": "Guzzle/Common",
            "source": {
                "type": "git",
                "url": "https://github.com/Guzzle3/common.git",
                "reference": "2e36af7cf2ce3ea1f2d7c2831843b883a8e7b7dc"
            },
            "dist": {
                "type": "zip",
                "url": "https://api.github.com/repos/Guzzle3/common/zipball/2e36af7cf2ce3ea1f2d7c2831843b883a8e7b7dc",
                "reference": "2e36af7cf2ce3ea1f2d7c2831843b883a8e7b7dc",
                "shasum": ""
            },
            "require": {
                "php": ">=5.3.2",
                "symfony/event-dispatcher": ">=2.1"
            },
            "type": "library",
            "extra": {
                "branch-alias": {
                    "dev-master": "3.7-dev"
                }
            },
            "autoload": {
                "psr-0": {
                    "Guzzle\\Common": ""
                }
            },
            "notification-url": "https://packagist.org/downloads/",
            "license": [
                "MIT"
            ],
            "description": "Common libraries used by Guzzle",
            "homepage": "http://guzzlephp.org/",
            "keywords": [
                "collection",
                "common",
                "event",
                "exception"
            ],
            "abandoned": "guzzle/guzzle",
            "time": "2014-08-11T04:32:36+00:00"
        },
        {
            "name": "guzzle/http",
            "version": "v3.9.2",
            "target-dir": "Guzzle/Http",
            "source": {
                "type": "git",
                "url": "https://github.com/Guzzle3/http.git",
                "reference": "1e8dd1e2ba9dc42332396f39fbfab950b2301dc5"
            },
            "dist": {
                "type": "zip",
                "url": "https://api.github.com/repos/Guzzle3/http/zipball/1e8dd1e2ba9dc42332396f39fbfab950b2301dc5",
                "reference": "1e8dd1e2ba9dc42332396f39fbfab950b2301dc5",
                "shasum": ""
            },
            "require": {
                "guzzle/common": "self.version",
                "guzzle/parser": "self.version",
                "guzzle/stream": "self.version",
                "php": ">=5.3.2"
            },
            "suggest": {
                "ext-curl": "*"
            },
            "type": "library",
            "extra": {
                "branch-alias": {
                    "dev-master": "3.7-dev"
                }
            },
            "autoload": {
                "psr-0": {
                    "Guzzle\\Http": ""
                }
            },
            "notification-url": "https://packagist.org/downloads/",
            "license": [
                "MIT"
            ],
            "authors": [
                {
                    "name": "Michael Dowling",
                    "email": "mtdowling@gmail.com",
                    "homepage": "https://github.com/mtdowling"
                }
            ],
            "description": "HTTP libraries used by Guzzle",
            "homepage": "http://guzzlephp.org/",
            "keywords": [
                "Guzzle",
                "client",
                "curl",
                "http",
                "http client"
            ],
            "abandoned": "guzzle/guzzle",
            "time": "2014-08-11T04:32:36+00:00"
        },
        {
            "name": "guzzle/inflection",
            "version": "v3.9.2",
            "target-dir": "Guzzle/Inflection",
            "source": {
                "type": "git",
                "url": "https://github.com/Guzzle3/inflection.git",
                "reference": "c3ee7d90d0674d94834b843115d07c58570fc2e4"
            },
            "dist": {
                "type": "zip",
                "url": "https://api.github.com/repos/Guzzle3/inflection/zipball/c3ee7d90d0674d94834b843115d07c58570fc2e4",
                "reference": "c3ee7d90d0674d94834b843115d07c58570fc2e4",
                "shasum": ""
            },
            "require": {
                "php": ">=5.3.2"
            },
            "type": "library",
            "extra": {
                "branch-alias": {
                    "dev-master": "3.7-dev"
                }
            },
            "autoload": {
                "psr-0": {
                    "Guzzle\\Inflection": ""
                }
            },
            "notification-url": "https://packagist.org/downloads/",
            "license": [
                "MIT"
            ],
            "authors": [
                {
                    "name": "Michael Dowling",
                    "email": "mtdowling@gmail.com",
                    "homepage": "https://github.com/mtdowling"
                }
            ],
            "description": "Guzzle inflection component",
            "homepage": "http://guzzlephp.org/",
            "keywords": [
                "Guzzle",
                "inflection"
            ],
            "abandoned": "guzzle/guzzle",
            "time": "2013-06-11T00:24:07+00:00"
        },
        {
            "name": "guzzle/parser",
            "version": "v3.9.2",
            "target-dir": "Guzzle/Parser",
            "source": {
                "type": "git",
                "url": "https://github.com/Guzzle3/parser.git",
                "reference": "6874d171318a8e93eb6d224cf85e4678490b625c"
            },
            "dist": {
                "type": "zip",
                "url": "https://api.github.com/repos/Guzzle3/parser/zipball/6874d171318a8e93eb6d224cf85e4678490b625c",
                "reference": "6874d171318a8e93eb6d224cf85e4678490b625c",
                "shasum": ""
            },
            "require": {
                "php": ">=5.3.2"
            },
            "type": "library",
            "extra": {
                "branch-alias": {
                    "dev-master": "3.7-dev"
                }
            },
            "autoload": {
                "psr-0": {
                    "Guzzle\\Parser": ""
                }
            },
            "notification-url": "https://packagist.org/downloads/",
            "license": [
                "MIT"
            ],
            "description": "Interchangeable parsers used by Guzzle",
            "homepage": "http://guzzlephp.org/",
            "keywords": [
                "URI Template",
                "cookie",
                "http",
                "message",
                "url"
            ],
            "abandoned": "guzzle/guzzle",
            "time": "2014-02-05T18:29:46+00:00"
        },
        {
            "name": "guzzle/service",
            "version": "v3.9.2",
            "target-dir": "Guzzle/Service",
            "source": {
                "type": "git",
                "url": "https://github.com/Guzzle3/service.git",
                "reference": "583c623473b45cc3dd607ab19d9629a0a4fbb762"
            },
            "dist": {
                "type": "zip",
                "url": "https://api.github.com/repos/Guzzle3/service/zipball/583c623473b45cc3dd607ab19d9629a0a4fbb762",
                "reference": "583c623473b45cc3dd607ab19d9629a0a4fbb762",
                "shasum": ""
            },
            "require": {
                "guzzle/cache": "self.version",
                "guzzle/http": "self.version",
                "guzzle/inflection": "self.version",
                "php": ">=5.3.2"
            },
            "type": "library",
            "extra": {
                "branch-alias": {
                    "dev-master": "3.7-dev"
                }
            },
            "autoload": {
                "psr-0": {
                    "Guzzle\\Service": ""
                }
            },
            "notification-url": "https://packagist.org/downloads/",
            "license": [
                "MIT"
            ],
            "authors": [
                {
                    "name": "Michael Dowling",
                    "email": "mtdowling@gmail.com",
                    "homepage": "https://github.com/mtdowling"
                }
            ],
            "description": "Guzzle service component for abstracting RESTful web services",
            "homepage": "http://guzzlephp.org/",
            "keywords": [
                "Guzzle",
                "rest",
                "web service",
                "webservice"
            ],
            "abandoned": "guzzle/guzzle",
            "time": "2014-04-23T20:54:52+00:00"
        },
        {
            "name": "guzzle/stream",
            "version": "v3.9.2",
            "target-dir": "Guzzle/Stream",
            "source": {
                "type": "git",
                "url": "https://github.com/Guzzle3/stream.git",
                "reference": "60c7fed02e98d2c518dae8f97874c8f4622100f0"
            },
            "dist": {
                "type": "zip",
                "url": "https://api.github.com/repos/Guzzle3/stream/zipball/60c7fed02e98d2c518dae8f97874c8f4622100f0",
                "reference": "60c7fed02e98d2c518dae8f97874c8f4622100f0",
                "shasum": ""
            },
            "require": {
                "guzzle/common": "self.version",
                "php": ">=5.3.2"
            },
            "suggest": {
                "guzzle/http": "To convert Guzzle request objects to PHP streams"
            },
            "type": "library",
            "extra": {
                "branch-alias": {
                    "dev-master": "3.7-dev"
                }
            },
            "autoload": {
                "psr-0": {
                    "Guzzle\\Stream": ""
                }
            },
            "notification-url": "https://packagist.org/downloads/",
            "license": [
                "MIT"
            ],
            "authors": [
                {
                    "name": "Michael Dowling",
                    "email": "mtdowling@gmail.com",
                    "homepage": "https://github.com/mtdowling"
                }
            ],
            "description": "Guzzle stream wrapper component",
            "homepage": "http://guzzlephp.org/",
            "keywords": [
                "Guzzle",
                "component",
                "stream"
            ],
            "abandoned": "guzzle/guzzle",
            "time": "2014-05-01T21:36:02+00:00"
        },
        {
            "name": "lstrojny/fxmlrpc",
            "version": "0.8.4",
            "source": {
                "type": "git",
                "url": "https://github.com/lstrojny/fxmlrpc.git",
                "reference": "7b9756f5f98102be170bc798781da2eef78ab977"
            },
            "dist": {
                "type": "zip",
                "url": "https://api.github.com/repos/lstrojny/fxmlrpc/zipball/7b9756f5f98102be170bc798781da2eef78ab977",
                "reference": "7b9756f5f98102be170bc798781da2eef78ab977",
                "shasum": ""
            },
            "require-dev": {
                "ext-curl": "*",
                "guzzle/guzzle": "*",
                "kriswallsmith/buzz": "*",
                "monolog/monolog": "*",
                "php": ">=5.3.0",
                "phpunit/phpunit": "3.*",
                "psr/log": "*",
                "zendframework/zend-http": "2.0.*",
                "zendframework/zend-log": "2.0.*",
                "zendframework/zendframework1": "1.*"
            },
            "suggest": {
                "ext-http": "Use ext/http as HTTP client",
                "guzzle/guzzle": "To integrate Guzzle as HTTP client",
                "kriswallsmith/buzz": "To integrate Buzz as HTTP client",
                "monolog/monolog": "To integrate monolog as logger",
                "zendframework/zend-http": "To use ZF2 Zend\\Http\\Client as HTTP client",
                "zendframework/zend-log": "To use ZF2 Zend\\Log\\Logger as a logger",
                "zendframework/zendframework1": "To use ZF1 Zend_Http_Client as HTTP client"
            },
            "type": "library",
            "autoload": {
                "psr-0": {
                    "fXmlRpc": "src/"
                }
            },
            "notification-url": "https://packagist.org/downloads/",
            "license": [
                "MIT"
            ],
            "authors": [
                {
                    "name": "Lars Strojny",
                    "email": "lstrojny@php.net",
                    "homepage": "http://usrportage.de"
                }
            ],
            "description": "Fast and tiny XML/RPC client with bridges for various HTTP clients",
            "keywords": [
                "api",
                "performance",
                "rpc",
                "xml",
                "xmlrpc"
            ],
            "time": "2013-10-04T23:29:35+00:00"
        },
        {
            "name": "pear/net_dns2",
            "version": "1.3.2",
            "source": {
                "type": "git",
                "url": "https://github.com/mikepultz/netdns2.git",
                "reference": "8df60379bef9c48a3f26b4d34f7ef27d828331cc"
            },
            "dist": {
                "type": "zip",
                "url": "https://api.github.com/repos/mikepultz/netdns2/zipball/8df60379bef9c48a3f26b4d34f7ef27d828331cc",
                "reference": "8df60379bef9c48a3f26b4d34f7ef27d828331cc",
                "shasum": ""
            },
            "require": {
                "php": ">=5.1.2"
            },
            "type": "library",
            "autoload": {
                "psr-0": {
                    "Net_DNS2": ""
                }
            },
            "notification-url": "https://packagist.org/downloads/",
            "license": [
                "BSD-2-Clause"
            ],
            "authors": [
                {
                    "name": "Mike Pultz",
                    "email": "mike@mikepultz.com",
                    "homepage": "http://mikepultz.com/",
                    "role": "Developer"
                }
            ],
            "description": "Native PHP5 DNS Resolver and Updater Library",
            "homepage": "https://code.google.com/p/netdns2/",
            "keywords": [
                "dns",
                "network"
            ],
            "time": "2013-11-28T22:34:20+00:00"
        },
        {
            "name": "sensiolabs/security-checker",
            "version": "v4.1.7",
            "source": {
                "type": "git",
                "url": "https://github.com/sensiolabs/security-checker.git",
                "reference": "d539ccba2b4dce515de04f16b7ed7ae5b9eeb434"
            },
            "dist": {
                "type": "zip",
                "url": "https://api.github.com/repos/sensiolabs/security-checker/zipball/d539ccba2b4dce515de04f16b7ed7ae5b9eeb434",
                "reference": "d539ccba2b4dce515de04f16b7ed7ae5b9eeb434",
                "shasum": ""
            },
            "require": {
                "composer/ca-bundle": "^1.0",
                "symfony/console": "~2.7|~3.0|~4.0"
            },
            "bin": [
                "security-checker"
            ],
            "type": "library",
            "extra": {
                "branch-alias": {
                    "dev-master": "4.1-dev"
                }
            },
            "autoload": {
                "psr-0": {
                    "SensioLabs\\Security": ""
                }
            },
            "notification-url": "https://packagist.org/downloads/",
            "license": [
                "MIT"
            ],
            "authors": [
                {
                    "name": "Fabien Potencier",
                    "email": "fabien.potencier@gmail.com"
                }
            ],
            "description": "A security checker for your composer.lock",
            "time": "2018-01-11T05:54:03+00:00"
        },
        {
            "name": "symfony/console",
            "version": "v4.0.3",
            "source": {
                "type": "git",
                "url": "https://github.com/symfony/console.git",
                "reference": "fe0e69d7162cba0885791cf7eea5f0d7bc0f897e"
            },
            "dist": {
                "type": "zip",
                "url": "https://api.github.com/repos/symfony/console/zipball/fe0e69d7162cba0885791cf7eea5f0d7bc0f897e",
                "reference": "fe0e69d7162cba0885791cf7eea5f0d7bc0f897e",
                "shasum": ""
            },
            "require": {
                "php": "^7.1.3",
                "symfony/polyfill-mbstring": "~1.0"
            },
            "conflict": {
                "symfony/dependency-injection": "<3.4",
                "symfony/process": "<3.3"
            },
            "require-dev": {
                "psr/log": "~1.0",
                "symfony/config": "~3.4|~4.0",
                "symfony/dependency-injection": "~3.4|~4.0",
                "symfony/event-dispatcher": "~3.4|~4.0",
                "symfony/lock": "~3.4|~4.0",
                "symfony/process": "~3.4|~4.0"
            },
            "suggest": {
                "psr/log": "For using the console logger",
                "symfony/event-dispatcher": "",
                "symfony/lock": "",
                "symfony/process": ""
            },
            "type": "library",
            "extra": {
                "branch-alias": {
                    "dev-master": "4.0-dev"
                }
            },
            "autoload": {
                "psr-4": {
                    "Symfony\\Component\\Console\\": ""
                },
                "exclude-from-classmap": [
                    "/Tests/"
                ]
            },
            "notification-url": "https://packagist.org/downloads/",
            "license": [
                "MIT"
            ],
            "authors": [
                {
                    "name": "Fabien Potencier",
                    "email": "fabien@symfony.com"
                },
                {
                    "name": "Symfony Community",
                    "homepage": "https://symfony.com/contributors"
                }
            ],
            "description": "Symfony Console Component",
            "homepage": "https://symfony.com",
            "time": "2018-01-03T07:38:00+00:00"
        },
        {
            "name": "symfony/event-dispatcher",
            "version": "v4.0.2",
            "source": {
                "type": "git",
                "url": "https://github.com/symfony/event-dispatcher.git",
                "reference": "d4face19ed8002eec8280bc1c5ec18130472bf43"
            },
            "dist": {
                "type": "zip",
                "url": "https://api.github.com/repos/symfony/event-dispatcher/zipball/d4face19ed8002eec8280bc1c5ec18130472bf43",
                "reference": "d4face19ed8002eec8280bc1c5ec18130472bf43",
                "shasum": ""
            },
            "require": {
                "php": "^7.1.3"
            },
            "conflict": {
                "symfony/dependency-injection": "<3.4"
            },
            "require-dev": {
                "psr/log": "~1.0",
                "symfony/config": "~3.4|~4.0",
                "symfony/dependency-injection": "~3.4|~4.0",
                "symfony/expression-language": "~3.4|~4.0",
                "symfony/stopwatch": "~3.4|~4.0"
            },
            "suggest": {
                "symfony/dependency-injection": "",
                "symfony/http-kernel": ""
            },
            "type": "library",
            "extra": {
                "branch-alias": {
                    "dev-master": "4.0-dev"
                }
            },
            "autoload": {
                "psr-4": {
                    "Symfony\\Component\\EventDispatcher\\": ""
                },
                "exclude-from-classmap": [
                    "/Tests/"
                ]
            },
            "notification-url": "https://packagist.org/downloads/",
            "license": [
                "MIT"
            ],
            "authors": [
                {
                    "name": "Fabien Potencier",
                    "email": "fabien@symfony.com"
                },
                {
                    "name": "Symfony Community",
                    "homepage": "https://symfony.com/contributors"
                }
            ],
            "description": "Symfony EventDispatcher Component",
            "homepage": "https://symfony.com",
            "time": "2017-12-14T19:48:22+00:00"
        },
        {
            "name": "symfony/filesystem",
            "version": "v2.8.33",
            "source": {
                "type": "git",
                "url": "https://github.com/symfony/filesystem.git",
                "reference": "1f4e8351e0196562f5e8ec584baeceeb8e2e92f6"
            },
            "dist": {
                "type": "zip",
                "url": "https://api.github.com/repos/symfony/filesystem/zipball/1f4e8351e0196562f5e8ec584baeceeb8e2e92f6",
                "reference": "1f4e8351e0196562f5e8ec584baeceeb8e2e92f6",
                "shasum": ""
            },
            "require": {
                "php": ">=5.3.9"
            },
            "type": "library",
            "extra": {
                "branch-alias": {
                    "dev-master": "2.8-dev"
                }
            },
            "autoload": {
                "psr-4": {
                    "Symfony\\Component\\Filesystem\\": ""
                },
                "exclude-from-classmap": [
                    "/Tests/"
                ]
            },
            "notification-url": "https://packagist.org/downloads/",
            "license": [
                "MIT"
            ],
            "authors": [
                {
                    "name": "Fabien Potencier",
                    "email": "fabien@symfony.com"
                },
                {
                    "name": "Symfony Community",
                    "homepage": "https://symfony.com/contributors"
                }
            ],
            "description": "Symfony Filesystem Component",
            "homepage": "https://symfony.com",
            "time": "2018-01-03T07:36:31+00:00"
        },
        {
            "name": "symfony/polyfill-mbstring",
            "version": "v1.6.0",
            "source": {
                "type": "git",
                "url": "https://github.com/symfony/polyfill-mbstring.git",
                "reference": "2ec8b39c38cb16674bbf3fea2b6ce5bf117e1296"
            },
            "dist": {
                "type": "zip",
                "url": "https://api.github.com/repos/symfony/polyfill-mbstring/zipball/2ec8b39c38cb16674bbf3fea2b6ce5bf117e1296",
                "reference": "2ec8b39c38cb16674bbf3fea2b6ce5bf117e1296",
                "shasum": ""
            },
            "require": {
                "php": ">=5.3.3"
            },
            "suggest": {
                "ext-mbstring": "For best performance"
            },
            "type": "library",
            "extra": {
                "branch-alias": {
                    "dev-master": "1.6-dev"
                }
            },
            "autoload": {
                "psr-4": {
                    "Symfony\\Polyfill\\Mbstring\\": ""
                },
                "files": [
                    "bootstrap.php"
                ]
            },
            "notification-url": "https://packagist.org/downloads/",
            "license": [
                "MIT"
            ],
            "authors": [
                {
                    "name": "Nicolas Grekas",
                    "email": "p@tchwork.com"
                },
                {
                    "name": "Symfony Community",
                    "homepage": "https://symfony.com/contributors"
                }
            ],
            "description": "Symfony polyfill for the Mbstring extension",
            "homepage": "https://symfony.com",
            "keywords": [
                "compatibility",
                "mbstring",
                "polyfill",
                "portable",
                "shim"
            ],
            "time": "2017-10-11T12:05:26+00:00"
        }
    ],
    "packages-dev": [],
    "aliases": [],
    "minimum-stability": "stable",
    "stability-flags": [],
    "prefer-stable": false,
    "prefer-lowest": false,
    "platform": [],
    "platform-dev": []
}
